
Microsoft Visual Studio Solution File, Format Version 12.00
# Visual Studio 2013
VisualStudioVersion = 12.0.30723.0
MinimumVisualStudioVersion = 10.0.40219.1
Project("{FAE04EC0-301F-11D3-BF4B-00C04F79EFBC}") = "BD-Dashboard", "BD-Dashboard\BD-Dashboard.csproj", "{8478BE0F-B475-42DF-A366-C267E5F70D6A}"
EndProject
Project("{FAE04EC0-301F-11D3-BF4B-00C04F79EFBC}") = "tcpServer", "tcpServer\tcpServer.csproj", "{537D46B1-F453-4EE7-B0F9-0336D7AF745A}"
EndProject
Global
	GlobalSection(SolutionConfigurationPlatforms) = preSolution
		Debug|Any CPU = Debug|Any CPU
		Release|Any CPU = Release|Any CPU
	EndGlobalSection
	GlobalSection(ProjectConfigurationPlatforms) = postSolution
		{8478BE0F-B475-42DF-A366-C267E5F70D6A}.Debug|Any CPU.ActiveCfg = Debug|Any CPU
		{8478BE0F-B475-42DF-A366-C267E5F70D6A}.Debug|Any CPU.Build.0 = Debug|Any CPU
		{8478BE0F-B475-42DF-A366-C267E5F70D6A}.Release|Any CPU.ActiveCfg = Release|Any CPU
		{8478BE0F-B475-42DF-A366-C267E5F70D6A}.Release|Any CPU.Build.0 = Release|Any CPU
		{537D46B1-F453-4EE7-B0F9-0336D7AF745A}.Debug|Any CPU.ActiveCfg = Debug|Any CPU
		{537D46B1-F453-4EE7-B0F9-0336D7AF745A}.Debug|Any CPU.Build.0 = Debug|Any CPU
		{537D46B1-F453-4EE7-B0F9-0336D7AF745A}.Release|Any CPU.ActiveCfg = Release|Any CPU
		{537D46B1-F453-4EE7-B0F9-0336D7AF745A}.Release|Any CPU.Build.0 = Release|Any CPU
	EndGlobalSection
	GlobalSection(SolutionProperties) = preSolution
		HideSolutionNode = FALSE
	EndGlobalSection
EndGlobal
